
Microsoft Visual Studio Solution File, Format Version 12.00
# Visual Studio 15
VisualStudioVersion = 15.0.26228.102
MinimumVisualStudioVersion = 10.0.40219.1
Project("{FAE04EC0-301F-11D3-BF4B-00C04F79EFBC}") = "RealEstateRegalSpace", "RealEstateRegalSpace\RealEstateRegalSpace.csproj", "{F22334A7-D158-43FF-9054-123478DE3A51}"
EndProject
Global
	GlobalSection(SolutionConfigurationPlatforms) = preSolution
		Debug|Any CPU = Debug|Any CPU
		Release|Any CPU = Release|Any CPU
	EndGlobalSection
	GlobalSection(ProjectConfigurationPlatforms) = postSolution
		{F22334A7-D158-43FF-9054-123478DE3A51}.Debug|Any CPU.ActiveCfg = Debug|Any CPU
		{F22334A7-D158-43FF-9054-123478DE3A51}.Debug|Any CPU.Build.0 = Debug|Any CPU
		{F22334A7-D158-43FF-9054-123478DE3A51}.Release|Any CPU.ActiveCfg = Release|Any CPU
		{F22334A7-D158-43FF-9054-123478DE3A51}.Release|Any CPU.Build.0 = Release|Any CPU
	EndGlobalSection
	GlobalSection(SolutionProperties) = preSolution
		HideSolutionNode = FALSE
	EndGlobalSection
	GlobalSection(ExtensibilityGlobals) = postSolution
		SolutionGuid = {9F5FDB15-32B9-45B2-85B4-6F9AC7E68301}
	EndGlobalSection
EndGlobal
